// !$*UTF8*$!
{
	archiveVersion = 1;
	classes = {
	};
	objectVersion = 51;
	objects = {

/* Begin PBXBuildFile section */
		19F76E6C025D842A0762E60D /* Pods_AttestTests.framework in Frameworks */ = {isa = PBXBuildFile; fileRef = 86ED0F763240112811CE82ED /* Pods_AttestTests.framework */; };
		A79E92D67312E1DDCF5CE0EB /* Pods_Attest_AttestUITests.framework in Frameworks */ = {isa = PBXBuildFile; fileRef = AA5A85E97ABD1993BE8B31D0 /* Pods_Attest_AttestUITests.framework */; };
		DE23BC26234AC52700CEE0EB /* Device.swift in Sources */ = {isa = PBXBuildFile; fileRef = DE23BC25234AC52700CEE0EB /* Device.swift */; };
		DE8FBABA235564E000FD8897 /* GoogleService-Info.plist in Resources */ = {isa = PBXBuildFile; fileRef = DE8FBAB9235564E000FD8897 /* GoogleService-Info.plist */; };
		DE92B0BE234A69E600466B60 /* AppDelegate.swift in Sources */ = {isa = PBXBuildFile; fileRef = DE92B0BD234A69E600466B60 /* AppDelegate.swift */; };
		DE92B0C0234A69E600466B60 /* SceneDelegate.swift in Sources */ = {isa = PBXBuildFile; fileRef = DE92B0BF234A69E600466B60 /* SceneDelegate.swift */; };
		DE92B0C4234A69E700466B60 /* Assets.xcassets in Resources */ = {isa = PBXBuildFile; fileRef = DE92B0C3234A69E700466B60 /* Assets.xcassets */; };
		DE92B0C7234A69E700466B60 /* Preview Assets.xcassets in Resources */ = {isa = PBXBuildFile; fileRef = DE92B0C6234A69E700466B60 /* Preview Assets.xcassets */; };
		DE92B0CA234A69E700466B60 /* LaunchScreen.storyboard in Resources */ = {isa = PBXBuildFile; fileRef = DE92B0C8234A69E700466B60 /* LaunchScreen.storyboard */; };
		DE92B0D5234A69E700466B60 /* AttestTests.swift in Sources */ = {isa = PBXBuildFile; fileRef = DE92B0D4234A69E700466B60 /* AttestTests.swift */; };
		DE92B0E0234A69E700466B60 /* AttestUITests.swift in Sources */ = {isa = PBXBuildFile; fileRef = DE92B0DF234A69E700466B60 /* AttestUITests.swift */; };
		DE92B0F1234A69F900466B60 /* README.md in Resources */ = {isa = PBXBuildFile; fileRef = DE92B0EE234A69F900466B60 /* README.md */; };
		DEFD984023538DB5008B22AB /* ContentView.swift in Sources */ = {isa = PBXBuildFile; fileRef = DEFD983F23538DB4008B22AB /* ContentView.swift */; };
		DEFD9842235395C3008B22AB /* AllertaStencil-Regular.ttf in Resources */ = {isa = PBXBuildFile; fileRef = DEFD9841235395C3008B22AB /* AllertaStencil-Regular.ttf */; };
		EBE2882C989A9CD3E62F06AE /* Pods_Attest.framework in Frameworks */ = {isa = PBXBuildFile; fileRef = 9B19FE17304DA998E3CD636E /* Pods_Attest.framework */; };
/* End PBXBuildFile section */

/* Begin PBXContainerItemProxy section */
		DE92B0D1234A69E700466B60 /* PBXContainerItemProxy */ = {
			isa = PBXContainerItemProxy;
			containerPortal = DE92B0B2234A69E600466B60 /* Project object */;
			proxyType = 1;
			remoteGlobalIDString = DE92B0B9234A69E600466B60;
			remoteInfo = Attest;
		};
		DE92B0DC234A69E700466B60 /* PBXContainerItemProxy */ = {
			isa = PBXContainerItemProxy;
			containerPortal = DE92B0B2234A69E600466B60 /* Project object */;
			proxyType = 1;
			remoteGlobalIDString = DE92B0B9234A69E600466B60;
			remoteInfo = Attest;
		};
/* End PBXContainerItemProxy section */

/* Begin PBXFileReference section */
		2501068113AC31E45D4AC0AF /* Pods-Attest.release.xcconfig */ = {isa = PBXFileReference; includeInIndex = 1; lastKnownFileType = text.xcconfig; name = "Pods-Attest.release.xcconfig"; path = "Target Support Files/Pods-Attest/Pods-Attest.release.xcconfig"; sourceTree = "<group>"; };
		41DB511BACE4A4A2E6FFBE83 /* Pods-Attest.debug.xcconfig */ = {isa = PBXFileReference; includeInIndex = 1; lastKnownFileType = text.xcconfig; name = "Pods-Attest.debug.xcconfig"; path = "Target Support Files/Pods-Attest/Pods-Attest.debug.xcconfig"; sourceTree = "<group>"; };
		74594D3999C70841EB0F3140 /* Pods-Attesto.release.xcconfig */ = {isa = PBXFileReference; includeInIndex = 1; lastKnownFileType = text.xcconfig; name = "Pods-Attesto.release.xcconfig"; path = "Target Support Files/Pods-Attesto/Pods-Attesto.release.xcconfig"; sourceTree = "<group>"; };
		86ED0F763240112811CE82ED /* Pods_AttestTests.framework */ = {isa = PBXFileReference; explicitFileType = wrapper.framework; includeInIndex = 0; path = Pods_AttestTests.framework; sourceTree = BUILT_PRODUCTS_DIR; };
		90BD4D1B009E433237DE5332 /* Pods-Attest-AttestUITests.debug.xcconfig */ = {isa = PBXFileReference; includeInIndex = 1; lastKnownFileType = text.xcconfig; name = "Pods-Attest-AttestUITests.debug.xcconfig"; path = "Target Support Files/Pods-Attest-AttestUITests/Pods-Attest-AttestUITests.debug.xcconfig"; sourceTree = "<group>"; };
		984D4B296D08DE8F058D80CA /* Pods-AttestTests.release.xcconfig */ = {isa = PBXFileReference; includeInIndex = 1; lastKnownFileType = text.xcconfig; name = "Pods-AttestTests.release.xcconfig"; path = "Target Support Files/Pods-AttestTests/Pods-AttestTests.release.xcconfig"; sourceTree = "<group>"; };
		9B19FE17304DA998E3CD636E /* Pods_Attest.framework */ = {isa = PBXFileReference; explicitFileType = wrapper.framework; includeInIndex = 0; path = Pods_Attest.framework; sourceTree = BUILT_PRODUCTS_DIR; };
		AA5A85E97ABD1993BE8B31D0 /* Pods_Attest_AttestUITests.framework */ = {isa = PBXFileReference; explicitFileType = wrapper.framework; includeInIndex = 0; path = Pods_Attest_AttestUITests.framework; sourceTree = BUILT_PRODUCTS_DIR; };
		B7924DD26AF632E299E70D74 /* Pods-Attesto-AttestoUITests.release.xcconfig */ = {isa = PBXFileReference; includeInIndex = 1; lastKnownFileType = text.xcconfig; name = "Pods-Attesto-AttestoUITests.release.xcconfig"; path = "Target Support Files/Pods-Attesto-AttestoUITests/Pods-Attesto-AttestoUITests.release.xcconfig"; sourceTree = "<group>"; };
		C4ACAB27942B1B3CE517224F /* Pods-Attest-AttestUITests.release.xcconfig */ = {isa = PBXFileReference; includeInIndex = 1; lastKnownFileType = text.xcconfig; name = "Pods-Attest-AttestUITests.release.xcconfig"; path = "Target Support Files/Pods-Attest-AttestUITests/Pods-Attest-AttestUITests.release.xcconfig"; sourceTree = "<group>"; };
		D10E5A93BC4CA6408D77B37B /* Pods-Attesto.debug.xcconfig */ = {isa = PBXFileReference; includeInIndex = 1; lastKnownFileType = text.xcconfig; name = "Pods-Attesto.debug.xcconfig"; path = "Target Support Files/Pods-Attesto/Pods-Attesto.debug.xcconfig"; sourceTree = "<group>"; };
		D5D6E9E3AB3F51AA46CE2898 /* Pods-Attesto-AttestoUITests.debug.xcconfig */ = {isa = PBXFileReference; includeInIndex = 1; lastKnownFileType = text.xcconfig; name = "Pods-Attesto-AttestoUITests.debug.xcconfig"; path = "Target Support Files/Pods-Attesto-AttestoUITests/Pods-Attesto-AttestoUITests.debug.xcconfig"; sourceTree = "<group>"; };
		DE23BC25234AC52700CEE0EB /* Device.swift */ = {isa = PBXFileReference; lastKnownFileType = sourcecode.swift; path = Device.swift; sourceTree = "<group>"; };
		DE8FBAB9235564E000FD8897 /* GoogleService-Info.plist */ = {isa = PBXFileReference; fileEncoding = 4; lastKnownFileType = text.plist.xml; path = "GoogleService-Info.plist"; sourceTree = "<group>"; };
		DE92B0BA234A69E600466B60 /* Attesto.app */ = {isa = PBXFileReference; explicitFileType = wrapper.application; includeInIndex = 0; path = Attesto.app; sourceTree = BUILT_PRODUCTS_DIR; };
		DE92B0BD234A69E600466B60 /* AppDelegate.swift */ = {isa = PBXFileReference; lastKnownFileType = sourcecode.swift; path = AppDelegate.swift; sourceTree = "<group>"; };
		DE92B0BF234A69E600466B60 /* SceneDelegate.swift */ = {isa = PBXFileReference; lastKnownFileType = sourcecode.swift; path = SceneDelegate.swift; sourceTree = "<group>"; };
		DE92B0C3234A69E700466B60 /* Assets.xcassets */ = {isa = PBXFileReference; lastKnownFileType = folder.assetcatalog; path = Assets.xcassets; sourceTree = "<group>"; };
		DE92B0C6234A69E700466B60 /* Preview Assets.xcassets */ = {isa = PBXFileReference; lastKnownFileType = folder.assetcatalog; path = "Preview Assets.xcassets"; sourceTree = "<group>"; };
		DE92B0C9234A69E700466B60 /* Base */ = {isa = PBXFileReference; lastKnownFileType = file.storyboard; name = Base; path = Base.lproj/LaunchScreen.storyboard; sourceTree = "<group>"; };
		DE92B0CB234A69E700466B60 /* Info.plist */ = {isa = PBXFileReference; lastKnownFileType = text.plist.xml; path = Info.plist; sourceTree = "<group>"; };
		DE92B0D0234A69E700466B60 /* AttestTests.xctest */ = {isa = PBXFileReference; explicitFileType = wrapper.cfbundle; includeInIndex = 0; path = AttestTests.xctest; sourceTree = BUILT_PRODUCTS_DIR; };
		DE92B0D4234A69E700466B60 /* AttestTests.swift */ = {isa = PBXFileReference; lastKnownFileType = sourcecode.swift; path = AttestTests.swift; sourceTree = "<group>"; };
		DE92B0D6234A69E700466B60 /* Info.plist */ = {isa = PBXFileReference; lastKnownFileType = text.plist.xml; path = Info.plist; sourceTree = "<group>"; };
		DE92B0DB234A69E700466B60 /* AttestUITests.xctest */ = {isa = PBXFileReference; explicitFileType = wrapper.cfbundle; includeInIndex = 0; path = AttestUITests.xctest; sourceTree = BUILT_PRODUCTS_DIR; };
		DE92B0DF234A69E700466B60 /* AttestUITests.swift */ = {isa = PBXFileReference; lastKnownFileType = sourcecode.swift; path = AttestUITests.swift; sourceTree = "<group>"; };
		DE92B0E1234A69E700466B60 /* Info.plist */ = {isa = PBXFileReference; lastKnownFileType = text.plist.xml; path = Info.plist; sourceTree = "<group>"; };
		DE92B0EE234A69F900466B60 /* README.md */ = {isa = PBXFileReference; fileEncoding = 4; lastKnownFileType = net.daringfireball.markdown; path = README.md; sourceTree = "<group>"; };
		DEFD983F23538DB4008B22AB /* ContentView.swift */ = {isa = PBXFileReference; lastKnownFileType = sourcecode.swift; path = ContentView.swift; sourceTree = "<group>"; };
		DEFD9841235395C3008B22AB /* AllertaStencil-Regular.ttf */ = {isa = PBXFileReference; lastKnownFileType = file; path = "AllertaStencil-Regular.ttf"; sourceTree = "<group>"; };
		DEFD98452353E065008B22AB /* CoreMotion.framework */ = {isa = PBXFileReference; lastKnownFileType = wrapper.framework; name = CoreMotion.framework; path = System/Library/Frameworks/CoreMotion.framework; sourceTree = SDKROOT; };
		DEFD98472353E075008B22AB /* StoreKit.framework */ = {isa = PBXFileReference; lastKnownFileType = wrapper.framework; name = StoreKit.framework; path = System/Library/Frameworks/StoreKit.framework; sourceTree = SDKROOT; };
		DEFD98492353E07F008B22AB /* AdSupport.framework */ = {isa = PBXFileReference; lastKnownFileType = wrapper.framework; name = AdSupport.framework; path = System/Library/Frameworks/AdSupport.framework; sourceTree = SDKROOT; };
		EB7B6BD2A5780F6934773D8B /* Pods-AttestoTests.debug.xcconfig */ = {isa = PBXFileReference; includeInIndex = 1; lastKnownFileType = text.xcconfig; name = "Pods-AttestoTests.debug.xcconfig"; path = "Target Support Files/Pods-AttestoTests/Pods-AttestoTests.debug.xcconfig"; sourceTree = "<group>"; };
		F15458653DBFFD5F8134B907 /* Pods-AttestoTests.release.xcconfig */ = {isa = PBXFileReference; includeInIndex = 1; lastKnownFileType = text.xcconfig; name = "Pods-AttestoTests.release.xcconfig"; path = "Target Support Files/Pods-AttestoTests/Pods-AttestoTests.release.xcconfig"; sourceTree = "<group>"; };
		FA6C8E15E693259D1FFB74FB /* Pods-AttestTests.debug.xcconfig */ = {isa = PBXFileReference; includeInIndex = 1; lastKnownFileType = text.xcconfig; name = "Pods-AttestTests.debug.xcconfig"; path = "Target Support Files/Pods-AttestTests/Pods-AttestTests.debug.xcconfig"; sourceTree = "<group>"; };
/* End PBXFileReference section */

/* Begin PBXFrameworksBuildPhase section */
		DE92B0B7234A69E600466B60 /* Frameworks */ = {
			isa = PBXFrameworksBuildPhase;
			buildActionMask = 2147483647;
			files = (
				EBE2882C989A9CD3E62F06AE /* Pods_Attest.framework in Frameworks */,
			);
			runOnlyForDeploymentPostprocessing = 0;
		};
		DE92B0CD234A69E700466B60 /* Frameworks */ = {
			isa = PBXFrameworksBuildPhase;
			buildActionMask = 2147483647;
			files = (
				19F76E6C025D842A0762E60D /* Pods_AttestTests.framework in Frameworks */,
			);
			runOnlyForDeploymentPostprocessing = 0;
		};
		DE92B0D8234A69E700466B60 /* Frameworks */ = {
			isa = PBXFrameworksBuildPhase;
			buildActionMask = 2147483647;
			files = (
				A79E92D67312E1DDCF5CE0EB /* Pods_Attest_AttestUITests.framework in Frameworks */,
			);
			runOnlyForDeploymentPostprocessing = 0;
		};
/* End PBXFrameworksBuildPhase section */

/* Begin PBXGroup section */
		2E5359C8BCB058777016993B /* Pods */ = {
			isa = PBXGroup;
			children = (
				41DB511BACE4A4A2E6FFBE83 /* Pods-Attest.debug.xcconfig */,
				2501068113AC31E45D4AC0AF /* Pods-Attest.release.xcconfig */,
				90BD4D1B009E433237DE5332 /* Pods-Attest-AttestUITests.debug.xcconfig */,
				C4ACAB27942B1B3CE517224F /* Pods-Attest-AttestUITests.release.xcconfig */,
				FA6C8E15E693259D1FFB74FB /* Pods-AttestTests.debug.xcconfig */,
				984D4B296D08DE8F058D80CA /* Pods-AttestTests.release.xcconfig */,
				D10E5A93BC4CA6408D77B37B /* Pods-Attesto.debug.xcconfig */,
				74594D3999C70841EB0F3140 /* Pods-Attesto.release.xcconfig */,
				D5D6E9E3AB3F51AA46CE2898 /* Pods-Attesto-AttestoUITests.debug.xcconfig */,
				B7924DD26AF632E299E70D74 /* Pods-Attesto-AttestoUITests.release.xcconfig */,
				EB7B6BD2A5780F6934773D8B /* Pods-AttestoTests.debug.xcconfig */,
				F15458653DBFFD5F8134B907 /* Pods-AttestoTests.release.xcconfig */,
			);
			path = Pods;
			sourceTree = "<group>";
		};
		BF186043522F99C239748362 /* Frameworks */ = {
			isa = PBXGroup;
			children = (
				DEFD98492353E07F008B22AB /* AdSupport.framework */,
				DEFD98472353E075008B22AB /* StoreKit.framework */,
				DEFD98452353E065008B22AB /* CoreMotion.framework */,
				9B19FE17304DA998E3CD636E /* Pods_Attest.framework */,
				AA5A85E97ABD1993BE8B31D0 /* Pods_Attest_AttestUITests.framework */,
				86ED0F763240112811CE82ED /* Pods_AttestTests.framework */,
			);
			name = Frameworks;
			sourceTree = "<group>";
		};
		DE92B0B1234A69E600466B60 = {
			isa = PBXGroup;
			children = (
				DE92B0BC234A69E600466B60 /* Attest */,
				DE92B0D3234A69E700466B60 /* AttestTests */,
				DE92B0DE234A69E700466B60 /* AttestUITests */,
				DE92B0BB234A69E600466B60 /* Products */,
				2E5359C8BCB058777016993B /* Pods */,
				BF186043522F99C239748362 /* Frameworks */,
			);
			sourceTree = "<group>";
		};
		DE92B0BB234A69E600466B60 /* Products */ = {
			isa = PBXGroup;
			children = (
				DE92B0BA234A69E600466B60 /* Attesto.app */,
				DE92B0D0234A69E700466B60 /* AttestTests.xctest */,
				DE92B0DB234A69E700466B60 /* AttestUITests.xctest */,
			);
			name = Products;
			sourceTree = "<group>";
		};
		DE92B0BC234A69E600466B60 /* Attest */ = {
			isa = PBXGroup;
			children = (
				DEFD984C2353E14A008B22AB /* Fonts */,
				DE92B0F5234A6ADC00466B60 /* View */,
				DE92B0F4234A6A9000466B60 /* Store */,
				DEFD984D2353E174008B22AB /* Controller */,
				DE92B0C3234A69E700466B60 /* Assets.xcassets */,
				DE8FBAB9235564E000FD8897 /* GoogleService-Info.plist */,
				DE92B0EE234A69F900466B60 /* README.md */,
				DE92B0CB234A69E700466B60 /* Info.plist */,
				DE92B0C5234A69E700466B60 /* Preview Content */,
			);
			path = Attest;
			sourceTree = "<group>";
		};
		DE92B0C5234A69E700466B60 /* Preview Content */ = {
			isa = PBXGroup;
			children = (
				DE92B0C6234A69E700466B60 /* Preview Assets.xcassets */,
			);
			path = "Preview Content";
			sourceTree = "<group>";
		};
		DE92B0D3234A69E700466B60 /* AttestTests */ = {
			isa = PBXGroup;
			children = (
				DE92B0D4234A69E700466B60 /* AttestTests.swift */,
				DE92B0D6234A69E700466B60 /* Info.plist */,
			);
			path = AttestTests;
			sourceTree = "<group>";
		};
		DE92B0DE234A69E700466B60 /* AttestUITests */ = {
			isa = PBXGroup;
			children = (
				DE92B0DF234A69E700466B60 /* AttestUITests.swift */,
				DE92B0E1234A69E700466B60 /* Info.plist */,
			);
			path = AttestUITests;
			sourceTree = "<group>";
		};
		DE92B0F4234A6A9000466B60 /* Store */ = {
			isa = PBXGroup;
			children = (
				DE23BC25234AC52700CEE0EB /* Device.swift */,
			);
			path = Store;
			sourceTree = "<group>";
		};
		DE92B0F5234A6ADC00466B60 /* View */ = {
			isa = PBXGroup;
			children = (
				DEFD983F23538DB4008B22AB /* ContentView.swift */,
				DE92B0C8234A69E700466B60 /* LaunchScreen.storyboard */,
			);
			path = View;
			sourceTree = "<group>";
		};
		DEFD984C2353E14A008B22AB /* Fonts */ = {
			isa = PBXGroup;
			children = (
				DEFD9841235395C3008B22AB /* AllertaStencil-Regular.ttf */,
			);
			path = Fonts;
			sourceTree = "<group>";
		};
		DEFD984D2353E174008B22AB /* Controller */ = {
			isa = PBXGroup;
			children = (
				DE92B0BD234A69E600466B60 /* AppDelegate.swift */,
				DE92B0BF234A69E600466B60 /* SceneDelegate.swift */,
			);
			path = Controller;
			sourceTree = "<group>";
		};
/* End PBXGroup section */

/* Begin PBXNativeTarget section */
		DE92B0B9234A69E600466B60 /* Attest */ = {
			isa = PBXNativeTarget;
			buildConfigurationList = DE92B0E4234A69E700466B60 /* Build configuration list for PBXNativeTarget "Attest" */;
			buildPhases = (
				B52369C79C9DE21225A1FB86 /* [CP] Check Pods Manifest.lock */,
				DE92B0B6234A69E600466B60 /* Sources */,
				DE92B0B7234A69E600466B60 /* Frameworks */,
				DE92B0B8234A69E600466B60 /* Resources */,
				AD3381F330404D9A6C875035 /* [CP] Embed Pods Frameworks */,
				DEED0DD923541FF200B77994 /* ShellScript */,
			);
			buildRules = (
			);
			dependencies = (
			);
			name = Attest;
			productName = Attest;
			productReference = DE92B0BA234A69E600466B60 /* Attesto.app */;
			productType = "com.apple.product-type.application";
		};
		DE92B0CF234A69E700466B60 /* AttestTests */ = {
			isa = PBXNativeTarget;
			buildConfigurationList = DE92B0E7234A69E700466B60 /* Build configuration list for PBXNativeTarget "AttestTests" */;
			buildPhases = (
				F522129CE0EBDA87C7E5D8D0 /* [CP] Check Pods Manifest.lock */,
				DE92B0CC234A69E700466B60 /* Sources */,
				DE92B0CD234A69E700466B60 /* Frameworks */,
				DE92B0CE234A69E700466B60 /* Resources */,
			);
			buildRules = (
			);
			dependencies = (
				DE92B0D2234A69E700466B60 /* PBXTargetDependency */,
			);
			name = AttestTests;
			productName = AttestTests;
			productReference = DE92B0D0234A69E700466B60 /* AttestTests.xctest */;
			productType = "com.apple.product-type.bundle.unit-test";
		};
		DE92B0DA234A69E700466B60 /* AttestUITests */ = {
			isa = PBXNativeTarget;
			buildConfigurationList = DE92B0EA234A69E700466B60 /* Build configuration list for PBXNativeTarget "AttestUITests" */;
			buildPhases = (
				395AE2ABE75E5341032F10D4 /* [CP] Check Pods Manifest.lock */,
				DE92B0D7234A69E700466B60 /* Sources */,
				DE92B0D8234A69E700466B60 /* Frameworks */,
				DE92B0D9234A69E700466B60 /* Resources */,
				CA20ABFB0BA98C20630B6491 /* [CP] Embed Pods Frameworks */,
			);
			buildRules = (
			);
			dependencies = (
				DE92B0DD234A69E700466B60 /* PBXTargetDependency */,
			);
			name = AttestUITests;
			productName = AttestUITests;
			productReference = DE92B0DB234A69E700466B60 /* AttestUITests.xctest */;
			productType = "com.apple.product-type.bundle.ui-testing";
		};
/* End PBXNativeTarget section */

/* Begin PBXProject section */
		DE92B0B2234A69E600466B60 /* Project object */ = {
			isa = PBXProject;
			attributes = {
				LastSwiftUpdateCheck = 1100;
				LastUpgradeCheck = 1100;
				ORGANIZATIONNAME = "Joseandro Luiz";
				TargetAttributes = {
					DE92B0B9234A69E600466B60 = {
						CreatedOnToolsVersion = 11.0;
						LastSwiftMigration = 1100;
					};
					DE92B0CF234A69E700466B60 = {
						CreatedOnToolsVersion = 11.0;
						TestTargetID = DE92B0B9234A69E600466B60;
					};
					DE92B0DA234A69E700466B60 = {
						CreatedOnToolsVersion = 11.0;
						TestTargetID = DE92B0B9234A69E600466B60;
					};
				};
			};
			buildConfigurationList = DE92B0B5234A69E600466B60 /* Build configuration list for PBXProject "Attest" */;
			compatibilityVersion = "Xcode 9.3";
			developmentRegion = en;
			hasScannedForEncodings = 0;
			knownRegions = (
				en,
				Base,
			);
			mainGroup = DE92B0B1234A69E600466B60;
			productRefGroup = DE92B0BB234A69E600466B60 /* Products */;
			projectDirPath = "";
			projectRoot = "";
			targets = (
				DE92B0B9234A69E600466B60 /* Attest */,
				DE92B0CF234A69E700466B60 /* AttestTests */,
				DE92B0DA234A69E700466B60 /* AttestUITests */,
			);
		};
/* End PBXProject section */

/* Begin PBXResourcesBuildPhase section */
		DE92B0B8234A69E600466B60 /* Resources */ = {
			isa = PBXResourcesBuildPhase;
			buildActionMask = 2147483647;
			files = (
				DE92B0CA234A69E700466B60 /* LaunchScreen.storyboard in Resources */,
				DE92B0C7234A69E700466B60 /* Preview Assets.xcassets in Resources */,
				DEFD9842235395C3008B22AB /* AllertaStencil-Regular.ttf in Resources */,
				DE92B0F1234A69F900466B60 /* README.md in Resources */,
				DE92B0C4234A69E700466B60 /* Assets.xcassets in Resources */,
				DE8FBABA235564E000FD8897 /* GoogleService-Info.plist in Resources */,
			);
			runOnlyForDeploymentPostprocessing = 0;
		};
		DE92B0CE234A69E700466B60 /* Resources */ = {
			isa = PBXResourcesBuildPhase;
			buildActionMask = 2147483647;
			files = (
			);
			runOnlyForDeploymentPostprocessing = 0;
		};
		DE92B0D9234A69E700466B60 /* Resources */ = {
			isa = PBXResourcesBuildPhase;
			buildActionMask = 2147483647;
			files = (
			);
			runOnlyForDeploymentPostprocessing = 0;
		};
/* End PBXResourcesBuildPhase section */

/* Begin PBXShellScriptBuildPhase section */
		395AE2ABE75E5341032F10D4 /* [CP] Check Pods Manifest.lock */ = {
			isa = PBXShellScriptBuildPhase;
			buildActionMask = 2147483647;
			files = (
			);
			inputFileListPaths = (
			);
			inputPaths = (
				"${PODS_PODFILE_DIR_PATH}/Podfile.lock",
				"${PODS_ROOT}/Manifest.lock",
			);
			name = "[CP] Check Pods Manifest.lock";
			outputFileListPaths = (
			);
			outputPaths = (
				"$(DERIVED_FILE_DIR)/Pods-Attest-AttestUITests-checkManifestLockResult.txt",
			);
			runOnlyForDeploymentPostprocessing = 0;
			shellPath = /bin/sh;
			shellScript = "diff \"${PODS_PODFILE_DIR_PATH}/Podfile.lock\" \"${PODS_ROOT}/Manifest.lock\" > /dev/null\nif [ $? != 0 ] ; then\n    # print error to STDERR\n    echo \"error: The sandbox is not in sync with the Podfile.lock. Run 'pod install' or update your CocoaPods installation.\" >&2\n    exit 1\nfi\n# This output is used by Xcode 'outputs' to avoid re-running this script phase.\necho \"SUCCESS\" > \"${SCRIPT_OUTPUT_FILE_0}\"\n";
			showEnvVarsInLog = 0;
		};
		AD3381F330404D9A6C875035 /* [CP] Embed Pods Frameworks */ = {
			isa = PBXShellScriptBuildPhase;
			buildActionMask = 2147483647;
			files = (
			);
			inputFileListPaths = (
				"${PODS_ROOT}/Target Support Files/Pods-Attest/Pods-Attest-frameworks-${CONFIGURATION}-input-files.xcfilelist",
			);
			name = "[CP] Embed Pods Frameworks";
			outputFileListPaths = (
				"${PODS_ROOT}/Target Support Files/Pods-Attest/Pods-Attest-frameworks-${CONFIGURATION}-output-files.xcfilelist",
			);
			runOnlyForDeploymentPostprocessing = 0;
			shellPath = /bin/sh;
			shellScript = "\"${PODS_ROOT}/Target Support Files/Pods-Attest/Pods-Attest-frameworks.sh\"\n";
			showEnvVarsInLog = 0;
		};
		B52369C79C9DE21225A1FB86 /* [CP] Check Pods Manifest.lock */ = {
			isa = PBXShellScriptBuildPhase;
			buildActionMask = 2147483647;
			files = (
			);
			inputFileListPaths = (
			);
			inputPaths = (
				"${PODS_PODFILE_DIR_PATH}/Podfile.lock",
				"${PODS_ROOT}/Manifest.lock",
			);
			name = "[CP] Check Pods Manifest.lock";
			outputFileListPaths = (
			);
			outputPaths = (
				"$(DERIVED_FILE_DIR)/Pods-Attest-checkManifestLockResult.txt",
			);
			runOnlyForDeploymentPostprocessing = 0;
			shellPath = /bin/sh;
			shellScript = "diff \"${PODS_PODFILE_DIR_PATH}/Podfile.lock\" \"${PODS_ROOT}/Manifest.lock\" > /dev/null\nif [ $? != 0 ] ; then\n    # print error to STDERR\n    echo \"error: The sandbox is not in sync with the Podfile.lock. Run 'pod install' or update your CocoaPods installation.\" >&2\n    exit 1\nfi\n# This output is used by Xcode 'outputs' to avoid re-running this script phase.\necho \"SUCCESS\" > \"${SCRIPT_OUTPUT_FILE_0}\"\n";
			showEnvVarsInLog = 0;
		};
		CA20ABFB0BA98C20630B6491 /* [CP] Embed Pods Frameworks */ = {
			isa = PBXShellScriptBuildPhase;
			buildActionMask = 2147483647;
			files = (
			);
			inputFileListPaths = (
				"${PODS_ROOT}/Target Support Files/Pods-Attest-AttestUITests/Pods-Attest-AttestUITests-frameworks-${CONFIGURATION}-input-files.xcfilelist",
			);
			name = "[CP] Embed Pods Frameworks";
			outputFileListPaths = (
				"${PODS_ROOT}/Target Support Files/Pods-Attest-AttestUITests/Pods-Attest-AttestUITests-frameworks-${CONFIGURATION}-output-files.xcfilelist",
			);
			runOnlyForDeploymentPostprocessing = 0;
			shellPath = /bin/sh;
			shellScript = "\"${PODS_ROOT}/Target Support Files/Pods-Attest-AttestUITests/Pods-Attest-AttestUITests-frameworks.sh\"\n";
			showEnvVarsInLog = 0;
		};
		DEED0DD923541FF200B77994 /* ShellScript */ = {
			isa = PBXShellScriptBuildPhase;
			buildActionMask = 2147483647;
			files = (
			);
			inputFileListPaths = (
			);
			inputPaths = (
				"$(SRCROOT)/$(BUILT_PRODUCTS_DIR)/$(INFOPLIST_PATH)",
			);
			outputFileListPaths = (
			);
			outputPaths = (
			);
			runOnlyForDeploymentPostprocessing = 0;
			shellPath = /bin/sh;
			shellScript = "# Type a script or drag a script file from your workspace to insert its path.\n\"${PODS_ROOT}/Fabric/run\"\n";
		};
		F522129CE0EBDA87C7E5D8D0 /* [CP] Check Pods Manifest.lock */ = {
			isa = PBXShellScriptBuildPhase;
			buildActionMask = 2147483647;
			files = (
			);
			inputFileListPaths = (
			);
			inputPaths = (
				"${PODS_PODFILE_DIR_PATH}/Podfile.lock",
				"${PODS_ROOT}/Manifest.lock",
			);
			name = "[CP] Check Pods Manifest.lock";
			outputFileListPaths = (
			);
			outputPaths = (
				"$(DERIVED_FILE_DIR)/Pods-AttestTests-checkManifestLockResult.txt",
			);
			runOnlyForDeploymentPostprocessing = 0;
			shellPath = /bin/sh;
			shellScript = "diff \"${PODS_PODFILE_DIR_PATH}/Podfile.lock\" \"${PODS_ROOT}/Manifest.lock\" > /dev/null\nif [ $? != 0 ] ; then\n    # print error to STDERR\n    echo \"error: The sandbox is not in sync with the Podfile.lock. Run 'pod install' or update your CocoaPods installation.\" >&2\n    exit 1\nfi\n# This output is used by Xcode 'outputs' to avoid re-running this script phase.\necho \"SUCCESS\" > \"${SCRIPT_OUTPUT_FILE_0}\"\n";
			showEnvVarsInLog = 0;
		};
/* End PBXShellScriptBuildPhase section */

/* Begin PBXSourcesBuildPhase section */
		DE92B0B6234A69E600466B60 /* Sources */ = {
			isa = PBXSourcesBuildPhase;
			buildActionMask = 2147483647;
			files = (
				DEFD984023538DB5008B22AB /* ContentView.swift in Sources */,
				DE92B0BE234A69E600466B60 /* AppDelegate.swift in Sources */,
				DE92B0C0234A69E600466B60 /* SceneDelegate.swift in Sources */,
				DE23BC26234AC52700CEE0EB /* Device.swift in Sources */,
			);
			runOnlyForDeploymentPostprocessing = 0;
		};
		DE92B0CC234A69E700466B60 /* Sources */ = {
			isa = PBXSourcesBuildPhase;
			buildActionMask = 2147483647;
			files = (
				DE92B0D5234A69E700466B60 /* AttestTests.swift in Sources */,
			);
			runOnlyForDeploymentPostprocessing = 0;
		};
		DE92B0D7234A69E700466B60 /* Sources */ = {
			isa = PBXSourcesBuildPhase;
			buildActionMask = 2147483647;
			files = (
				DE92B0E0234A69E700466B60 /* AttestUITests.swift in Sources */,
			);
			runOnlyForDeploymentPostprocessing = 0;
		};
/* End PBXSourcesBuildPhase section */

/* Begin PBXTargetDependency section */
		DE92B0D2234A69E700466B60 /* PBXTargetDependency */ = {
			isa = PBXTargetDependency;
			target = DE92B0B9234A69E600466B60 /* Attest */;
			targetProxy = DE92B0D1234A69E700466B60 /* PBXContainerItemProxy */;
		};
		DE92B0DD234A69E700466B60 /* PBXTargetDependency */ = {
			isa = PBXTargetDependency;
			target = DE92B0B9234A69E600466B60 /* Attest */;
			targetProxy = DE92B0DC234A69E700466B60 /* PBXContainerItemProxy */;
		};
/* End PBXTargetDependency section */

/* Begin PBXVariantGroup section */
		DE92B0C8234A69E700466B60 /* LaunchScreen.storyboard */ = {
			isa = PBXVariantGroup;
			children = (
				DE92B0C9234A69E700466B60 /* Base */,
			);
			name = LaunchScreen.storyboard;
			sourceTree = "<group>";
		};
/* End PBXVariantGroup section */

/* Begin XCBuildConfiguration section */
		DE92B0E2234A69E700466B60 /* Debug */ = {
			isa = XCBuildConfiguration;
			buildSettings = {
				ALWAYS_SEARCH_USER_PATHS = NO;
				CLANG_ANALYZER_NONNULL = YES;
				CLANG_ANALYZER_NUMBER_OBJECT_CONVERSION = YES_AGGRESSIVE;
				CLANG_CXX_LANGUAGE_STANDARD = "gnu++14";
				CLANG_CXX_LIBRARY = "libc++";
				CLANG_ENABLE_MODULES = YES;
				CLANG_ENABLE_OBJC_ARC = YES;
				CLANG_ENABLE_OBJC_WEAK = YES;
				CLANG_WARN_BLOCK_CAPTURE_AUTORELEASING = YES;
				CLANG_WARN_BOOL_CONVERSION = YES;
				CLANG_WARN_COMMA = YES;
				CLANG_WARN_CONSTANT_CONVERSION = YES;
				CLANG_WARN_DEPRECATED_OBJC_IMPLEMENTATIONS = YES;
				CLANG_WARN_DIRECT_OBJC_ISA_USAGE = YES_ERROR;
				CLANG_WARN_DOCUMENTATION_COMMENTS = YES;
				CLANG_WARN_EMPTY_BODY = YES;
				CLANG_WARN_ENUM_CONVERSION = YES;
				CLANG_WARN_INFINITE_RECURSION = YES;
				CLANG_WARN_INT_CONVERSION = YES;
				CLANG_WARN_NON_LITERAL_NULL_CONVERSION = YES;
				CLANG_WARN_OBJC_IMPLICIT_RETAIN_SELF = YES;
				CLANG_WARN_OBJC_LITERAL_CONVERSION = YES;
				CLANG_WARN_OBJC_ROOT_CLASS = YES_ERROR;
				CLANG_WARN_RANGE_LOOP_ANALYSIS = YES;
				CLANG_WARN_STRICT_PROTOTYPES = YES;
				CLANG_WARN_SUSPICIOUS_MOVE = YES;
				CLANG_WARN_UNGUARDED_AVAILABILITY = YES_AGGRESSIVE;
				CLANG_WARN_UNREACHABLE_CODE = YES;
				CLANG_WARN__DUPLICATE_METHOD_MATCH = YES;
				COPY_PHASE_STRIP = NO;
				DEBUG_INFORMATION_FORMAT = dwarf;
				ENABLE_STRICT_OBJC_MSGSEND = YES;
				ENABLE_TESTABILITY = YES;
				GCC_C_LANGUAGE_STANDARD = gnu11;
				GCC_DYNAMIC_NO_PIC = NO;
				GCC_NO_COMMON_BLOCKS = YES;
				GCC_OPTIMIZATION_LEVEL = 0;
				GCC_PREPROCESSOR_DEFINITIONS = (
					"DEBUG=1",
					"$(inherited)",
				);
				GCC_WARN_64_TO_32_BIT_CONVERSION = YES;
				GCC_WARN_ABOUT_RETURN_TYPE = YES_ERROR;
				GCC_WARN_UNDECLARED_SELECTOR = YES;
				GCC_WARN_UNINITIALIZED_AUTOS = YES_AGGRESSIVE;
				GCC_WARN_UNUSED_FUNCTION = YES;
				GCC_WARN_UNUSED_VARIABLE = YES;
				IPHONEOS_DEPLOYMENT_TARGET = 13.0;
				MTL_ENABLE_DEBUG_INFO = INCLUDE_SOURCE;
				MTL_FAST_MATH = YES;
				ONLY_ACTIVE_ARCH = YES;
				SDKROOT = iphoneos;
				SWIFT_ACTIVE_COMPILATION_CONDITIONS = DEBUG;
				SWIFT_OPTIMIZATION_LEVEL = "-Onone";
			};
			name = Debug;
		};
		DE92B0E3234A69E700466B60 /* Release */ = {
			isa = XCBuildConfiguration;
			buildSettings = {
				ALWAYS_SEARCH_USER_PATHS = NO;
				CLANG_ANALYZER_NONNULL = YES;
				CLANG_ANALYZER_NUMBER_OBJECT_CONVERSION = YES_AGGRESSIVE;
				CLANG_CXX_LANGUAGE_STANDARD = "gnu++14";
				CLANG_CXX_LIBRARY = "libc++";
				CLANG_ENABLE_MODULES = YES;
				CLANG_ENABLE_OBJC_ARC = YES;
				CLANG_ENABLE_OBJC_WEAK = YES;
				CLANG_WARN_BLOCK_CAPTURE_AUTORELEASING = YES;
				CLANG_WARN_BOOL_CONVERSION = YES;
				CLANG_WARN_COMMA = YES;
				CLANG_WARN_CONSTANT_CONVERSION = YES;
				CLANG_WARN_DEPRECATED_OBJC_IMPLEMENTATIONS = YES;
				CLANG_WARN_DIRECT_OBJC_ISA_USAGE = YES_ERROR;
				CLANG_WARN_DOCUMENTATION_COMMENTS = YES;
				CLANG_WARN_EMPTY_BODY = YES;
				CLANG_WARN_ENUM_CONVERSION = YES;
				CLANG_WARN_INFINITE_RECURSION = YES;
				CLANG_WARN_INT_CONVERSION = YES;
				CLANG_WARN_NON_LITERAL_NULL_CONVERSION = YES;
				CLANG_WARN_OBJC_IMPLICIT_RETAIN_SELF = YES;
				CLANG_WARN_OBJC_LITERAL_CONVERSION = YES;
				CLANG_WARN_OBJC_ROOT_CLASS = YES_ERROR;
				CLANG_WARN_RANGE_LOOP_ANALYSIS = YES;
				CLANG_WARN_STRICT_PROTOTYPES = YES;
				CLANG_WARN_SUSPICIOUS_MOVE = YES;
				CLANG_WARN_UNGUARDED_AVAILABILITY = YES_AGGRESSIVE;
				CLANG_WARN_UNREACHABLE_CODE = YES;
				CLANG_WARN__DUPLICATE_METHOD_MATCH = YES;
				COPY_PHASE_STRIP = NO;
				DEBUG_INFORMATION_FORMAT = "dwarf-with-dsym";
				ENABLE_NS_ASSERTIONS = NO;
				ENABLE_STRICT_OBJC_MSGSEND = YES;
				GCC_C_LANGUAGE_STANDARD = gnu11;
				GCC_NO_COMMON_BLOCKS = YES;
				GCC_WARN_64_TO_32_BIT_CONVERSION = YES;
				GCC_WARN_ABOUT_RETURN_TYPE = YES_ERROR;
				GCC_WARN_UNDECLARED_SELECTOR = YES;
				GCC_WARN_UNINITIALIZED_AUTOS = YES_AGGRESSIVE;
				GCC_WARN_UNUSED_FUNCTION = YES;
				GCC_WARN_UNUSED_VARIABLE = YES;
				IPHONEOS_DEPLOYMENT_TARGET = 13.0;
				MTL_ENABLE_DEBUG_INFO = NO;
				MTL_FAST_MATH = YES;
				SDKROOT = iphoneos;
				SWIFT_COMPILATION_MODE = wholemodule;
				SWIFT_OPTIMIZATION_LEVEL = "-O";
				VALIDATE_PRODUCT = YES;
			};
			name = Release;
		};
		DE92B0E5234A69E700466B60 /* Debug */ = {
			isa = XCBuildConfiguration;
			baseConfigurationReference = 41DB511BACE4A4A2E6FFBE83 /* Pods-Attest.debug.xcconfig */;
			buildSettings = {
				ASSETCATALOG_COMPILER_APPICON_NAME = AppIcon;
				CLANG_ENABLE_MODULES = YES;
				CODE_SIGN_STYLE = Automatic;
				CURRENT_PROJECT_VERSION = 2;
				DEBUG_INFORMATION_FORMAT = "dwarf-with-dsym";
				DEVELOPMENT_ASSET_PATHS = "\"Attest/Preview Content\"";
				DEVELOPMENT_TEAM = 7NHB98B546;
				ENABLE_PREVIEWS = YES;
				INFOPLIST_FILE = Attest/Info.plist;
				LD_RUNPATH_SEARCH_PATHS = (
					"$(inherited)",
					"@executable_path/Frameworks",
				);
				MARKETING_VERSION = 0.3;
				PRODUCT_BUNDLE_IDENTIFIER = com.joseandro.Attest;
				PRODUCT_NAME = Attesto;
				SWIFT_OBJC_BRIDGING_HEADER = "";
				SWIFT_OPTIMIZATION_LEVEL = "-Onone";
				SWIFT_VERSION = 5.0;
				TARGETED_DEVICE_FAMILY = "1,2";
			};
			name = Debug;
		};
		DE92B0E6234A69E700466B60 /* Release */ = {
			isa = XCBuildConfiguration;
			baseConfigurationReference = 2501068113AC31E45D4AC0AF /* Pods-Attest.release.xcconfig */;
			buildSettings = {
				ASSETCATALOG_COMPILER_APPICON_NAME = AppIcon;
				CLANG_ENABLE_MODULES = YES;
				CODE_SIGN_STYLE = Automatic;
				CURRENT_PROJECT_VERSION = 2;
				DEVELOPMENT_ASSET_PATHS = "\"Attest/Preview Content\"";
				DEVELOPMENT_TEAM = 7NHB98B546;
				ENABLE_PREVIEWS = YES;
				INFOPLIST_FILE = Attest/Info.plist;
				LD_RUNPATH_SEARCH_PATHS = (
					"$(inherited)",
					"@executable_path/Frameworks",
				);
				MARKETING_VERSION = 0.3;
				PRODUCT_BUNDLE_IDENTIFIER = com.joseandro.Attest;
				PRODUCT_NAME = Attesto;
				SWIFT_OBJC_BRIDGING_HEADER = "";
				SWIFT_VERSION = 5.0;
				TARGETED_DEVICE_FAMILY = "1,2";
			};
			name = Release;
		};
		DE92B0E8234A69E700466B60 /* Debug */ = {
			isa = XCBuildConfiguration;
			baseConfigurationReference = FA6C8E15E693259D1FFB74FB /* Pods-AttestTests.debug.xcconfig */;
			buildSettings = {
				ALWAYS_EMBED_SWIFT_STANDARD_LIBRARIES = YES;
				BUNDLE_LOADER = "$(TEST_HOST)";
				CODE_SIGN_STYLE = Automatic;
				DEVELOPMENT_TEAM = 7NHB98B546;
				INFOPLIST_FILE = AttestTests/Info.plist;
				IPHONEOS_DEPLOYMENT_TARGET = 13.0;
				LD_RUNPATH_SEARCH_PATHS = (
					"$(inherited)",
					"@executable_path/Frameworks",
					"@loader_path/Frameworks",
				);
				PRODUCT_BUNDLE_IDENTIFIER = com.joseandro.AttestTests;
				PRODUCT_NAME = "$(TARGET_NAME)";
				SWIFT_VERSION = 5.0;
				TARGETED_DEVICE_FAMILY = "1,2";
				TEST_HOST = "$(BUILT_PRODUCTS_DIR)/Attest.app/Attest";
			};
			name = Debug;
		};
		DE92B0E9234A69E700466B60 /* Release */ = {
			isa = XCBuildConfiguration;
			baseConfigurationReference = 984D4B296D08DE8F058D80CA /* Pods-AttestTests.release.xcconfig */;
			buildSettings = {
				ALWAYS_EMBED_SWIFT_STANDARD_LIBRARIES = YES;
				BUNDLE_LOADER = "$(TEST_HOST)";
				CODE_SIGN_STYLE = Automatic;
				DEVELOPMENT_TEAM = 7NHB98B546;
				INFOPLIST_FILE = AttestTests/Info.plist;
				IPHONEOS_DEPLOYMENT_TARGET = 13.0;
				LD_RUNPATH_SEARCH_PATHS = (
					"$(inherited)",
					"@executable_path/Frameworks",
					"@loader_path/Frameworks",
				);
				PRODUCT_BUNDLE_IDENTIFIER = com.joseandro.AttestTests;
				PRODUCT_NAME = "$(TARGET_NAME)";
				SWIFT_VERSION = 5.0;
				TARGETED_DEVICE_FAMILY = "1,2";
				TEST_HOST = "$(BUILT_PRODUCTS_DIR)/Attest.app/Attest";
			};
			name = Release;
		};
		DE92B0EB234A69E700466B60 /* Debug */ = {
			isa = XCBuildConfiguration;
			baseConfigurationReference = 90BD4D1B009E433237DE5332 /* Pods-Attest-AttestUITests.debug.xcconfig */;
			buildSettings = {
				ALWAYS_EMBED_SWIFT_STANDARD_LIBRARIES = YES;
				CODE_SIGN_STYLE = Automatic;
				DEVELOPMENT_TEAM = 7NHB98B546;
				INFOPLIST_FILE = AttestUITests/Info.plist;
				LD_RUNPATH_SEARCH_PATHS = (
					"$(inherited)",
					"@executable_path/Frameworks",
					"@loader_path/Frameworks",
				);
				PRODUCT_BUNDLE_IDENTIFIER = com.joseandro.AttestUITests;
				PRODUCT_NAME = "$(TARGET_NAME)";
				SWIFT_VERSION = 5.0;
				TARGETED_DEVICE_FAMILY = "1,2";
				TEST_TARGET_NAME = Attest;
			};
			name = Debug;
		};
		DE92B0EC234A69E700466B60 /* Release */ = {
			isa = XCBuildConfiguration;
			baseConfigurationReference = C4ACAB27942B1B3CE517224F /* Pods-Attest-AttestUITests.release.xcconfig */;
			buildSettings = {
				ALWAYS_EMBED_SWIFT_STANDARD_LIBRARIES = YES;
				CODE_SIGN_STYLE = Automatic;
				DEVELOPMENT_TEAM = 7NHB98B546;
				INFOPLIST_FILE = AttestUITests/Info.plist;
				LD_RUNPATH_SEARCH_PATHS = (
					"$(inherited)",
					"@executable_path/Frameworks",
					"@loader_path/Frameworks",
				);
				PRODUCT_BUNDLE_IDENTIFIER = com.joseandro.AttestUITests;
				PRODUCT_NAME = "$(TARGET_NAME)";
				SWIFT_VERSION = 5.0;
				TARGETED_DEVICE_FAMILY = "1,2";
				TEST_TARGET_NAME = Attest;
			};
			name = Release;
		};
/* End XCBuildConfiguration section */

/* Begin XCConfigurationList section */
		DE92B0B5234A69E600466B60 /* Build configuration list for PBXProject "Attest" */ = {
			isa = XCConfigurationList;
			buildConfigurations = (
				DE92B0E2234A69E700466B60 /* Debug */,
				DE92B0E3234A69E700466B60 /* Release */,
			);
			defaultConfigurationIsVisible = 0;
			defaultConfigurationName = Release;
		};
		DE92B0E4234A69E700466B60 /* Build configuration list for PBXNativeTarget "Attest" */ = {
			isa = XCConfigurationList;
			buildConfigurations = (
				DE92B0E5234A69E700466B60 /* Debug */,
				DE92B0E6234A69E700466B60 /* Release */,
			);
			defaultConfigurationIsVisible = 0;
			defaultConfigurationName = Release;
		};
		DE92B0E7234A69E700466B60 /* Build configuration list for PBXNativeTarget "AttestTests" */ = {
			isa = XCConfigurationList;
			buildConfigurations = (
				DE92B0E8234A69E700466B60 /* Debug */,
				DE92B0E9234A69E700466B60 /* Release */,
			);
			defaultConfigurationIsVisible = 0;
			defaultConfigurationName = Release;
		};
		DE92B0EA234A69E700466B60 /* Build configuration list for PBXNativeTarget "AttestUITests" */ = {
			isa = XCConfigurationList;
			buildConfigurations = (
				DE92B0EB234A69E700466B60 /* Debug */,
				DE92B0EC234A69E700466B60 /* Release */,
			);
			defaultConfigurationIsVisible = 0;
			defaultConfigurationName = Release;
		};
/* End XCConfigurationList section */
	};
	rootObject = DE92B0B2234A69E600466B60 /* Project object */;
}
